
Microsoft Visual Studio Solution File, Format Version 12.00
# Visual Studio Version 17
VisualStudioVersion = 17.8.34330.188
MinimumVisualStudioVersion = 10.0.40219.1
Project("{FAE04EC0-301F-11D3-BF4B-00C04F79EFBC}") = "VoskTest", "VoskTest\VoskTest.csproj", "{D1094664-92CA-4C4A-AD45-76442A8562BE}"
EndProject
Global
	GlobalSection(SolutionConfigurationPlatforms) = preSolution
		Debug|Any CPU = Debug|Any CPU
		Release|Any CPU = Release|Any CPU
	EndGlobalSection
	GlobalSection(ProjectConfigurationPlatforms) = postSolution
		{D1094664-92CA-4C4A-AD45-76442A8562BE}.Debug|Any CPU.ActiveCfg = Debug|Any CPU
		{D1094664-92CA-4C4A-AD45-76442A8562BE}.Debug|Any CPU.Build.0 = Debug|Any CPU
		{D1094664-92CA-4C4A-AD45-76442A8562BE}.Release|Any CPU.ActiveCfg = Release|Any CPU
		{D1094664-92CA-4C4A-AD45-76442A8562BE}.Release|Any CPU.Build.0 = Release|Any CPU
	EndGlobalSection
	GlobalSection(SolutionProperties) = preSolution
		HideSolutionNode = FALSE
	EndGlobalSection
	GlobalSection(ExtensibilityGlobals) = postSolution
		SolutionGuid = {4B1F5E8A-E216-4069-893E-C474CEF4C8D2}
	EndGlobalSection
EndGlobal
